
Microsoft Visual Studio Solution File, Format Version 12.00
# Visual Studio Version 17
VisualStudioVersion = 17.4.33122.133
MinimumVisualStudioVersion = 10.0.40219.1
Project("{9A19103F-16F7-4668-BE54-9A1E7A4F7556}") = "MyTelegramBot", "MyTelegramBot.csproj", "{7AE64CD9-DD79-40AA-B08E-74198842DF37}"
EndProject
Global
	GlobalSection(SolutionConfigurationPlatforms) = preSolution
		Debug|Any CPU = Debug|Any CPU
		Release|Any CPU = Release|Any CPU
	EndGlobalSection
	GlobalSection(ProjectConfigurationPlatforms) = postSolution
		{7AE64CD9-DD79-40AA-B08E-74198842DF37}.Debug|Any CPU.ActiveCfg = Debug|Any CPU
		{7AE64CD9-DD79-40AA-B08E-74198842DF37}.Debug|Any CPU.Build.0 = Debug|Any CPU
		{7AE64CD9-DD79-40AA-B08E-74198842DF37}.Release|Any CPU.ActiveCfg = Release|Any CPU
		{7AE64CD9-DD79-40AA-B08E-74198842DF37}.Release|Any CPU.Build.0 = Release|Any CPU
	EndGlobalSection
	GlobalSection(SolutionProperties) = preSolution
		HideSolutionNode = FALSE
	EndGlobalSection
	GlobalSection(ExtensibilityGlobals) = postSolution
		SolutionGuid = {1194E815-F0A1-4030-B1FF-562CA596BB50}
	EndGlobalSection
EndGlobal
